
Microsoft Visual Studio Solution File, Format Version 12.00
# Visual Studio 15
VisualStudioVersion = 15.0.26228.4
MinimumVisualStudioVersion = 10.0.40219.1
Project("{9A19103F-16F7-4668-BE54-9A1E7A4F7556}") = "ConsoleApp149", "ConsoleApp149\ConsoleApp149.csproj", "{1966F29D-27CA-47E8-810D-CCC80197A44F}"
EndProject
Project("{9A19103F-16F7-4668-BE54-9A1E7A4F7556}") = "ClassLibrary1", "ClassLibrary1\ClassLibrary1.csproj", "{53220EE3-6A5A-4A1A-A6BB-C7AB3C835142}"
EndProject
Global
	GlobalSection(SolutionConfigurationPlatforms) = preSolution
		Debug|Any CPU = Debug|Any CPU
		Release|Any CPU = Release|Any CPU
	EndGlobalSection
	GlobalSection(ProjectConfigurationPlatforms) = postSolution
		{1966F29D-27CA-47E8-810D-CCC80197A44F}.Debug|Any CPU.ActiveCfg = Debug|Any CPU
		{1966F29D-27CA-47E8-810D-CCC80197A44F}.Debug|Any CPU.Build.0 = Debug|Any CPU
		{1966F29D-27CA-47E8-810D-CCC80197A44F}.Release|Any CPU.ActiveCfg = Release|Any CPU
		{1966F29D-27CA-47E8-810D-CCC80197A44F}.Release|Any CPU.Build.0 = Release|Any CPU
		{53220EE3-6A5A-4A1A-A6BB-C7AB3C835142}.Debug|Any CPU.ActiveCfg = Debug|Any CPU
		{53220EE3-6A5A-4A1A-A6BB-C7AB3C835142}.Debug|Any CPU.Build.0 = Debug|Any CPU
		{53220EE3-6A5A-4A1A-A6BB-C7AB3C835142}.Release|Any CPU.ActiveCfg = Release|Any CPU
		{53220EE3-6A5A-4A1A-A6BB-C7AB3C835142}.Release|Any CPU.Build.0 = Release|Any CPU
	EndGlobalSection
	GlobalSection(SolutionProperties) = preSolution
		HideSolutionNode = FALSE
	EndGlobalSection
EndGlobal
